
Microsoft Visual Studio Solution File, Format Version 12.00
# Visual Studio Version 16
VisualStudioVersion = 16.0.30517.126
MinimumVisualStudioVersion = 10.0.40219.1
Project("{2150E333-8FDC-42A3-9474-1A3956D46DE8}") = "01-Recursao", "01-Recursao", "{1B552936-D5F2-4CCC-8CEA-DC8FC863D76E}"
EndProject
Project("{9A19103F-16F7-4668-BE54-9A1E7A4F7556}") = "Recursao", "Recursao\Recursao.csproj", "{D1104EB4-4BC3-44B8-A0CC-192DC236F366}"
EndProject
Project("{2150E333-8FDC-42A3-9474-1A3956D46DE8}") = "13-Pilhas", "13-Pilhas", "{0905B970-5663-480D-AB59-5F238EF338E3}"
EndProject
Project("{9A19103F-16F7-4668-BE54-9A1E7A4F7556}") = "Pilhas", "Pilhas\Pilhas.csproj", "{95A471A5-203B-4FE1-BF56-02E3ACFFA2C1}"
EndProject
Project("{2150E333-8FDC-42A3-9474-1A3956D46DE8}") = "14-Balanco-Sinais", "14-Balanco-Sinais", "{E2A18454-9AD7-42FE-9240-FD9CEBB296ED}"
EndProject
Project("{9A19103F-16F7-4668-BE54-9A1E7A4F7556}") = "BalancoDeSinais", "BalancoDeSinais\BalancoDeSinais.csproj", "{D7D473D2-DECD-4305-9A2E-47D9A33394DD}"
EndProject
Project("{2150E333-8FDC-42A3-9474-1A3956D46DE8}") = "15-Filas", "15-Filas", "{8B927188-5ED3-4D17-85C5-37564C4BF6A9}"
EndProject
Project("{9A19103F-16F7-4668-BE54-9A1E7A4F7556}") = "Filas", "Filas\Filas.csproj", "{50006C7C-86F4-44D5-9C53-1DD81543DB1C}"
EndProject
Project("{2150E333-8FDC-42A3-9474-1A3956D46DE8}") = "00-Vetores", "00-Vetores", "{55AF42B3-5CDE-4642-8435-FB7F3D7A845B}"
EndProject
Project("{FAE04EC0-301F-11D3-BF4B-00C04F79EFBC}") = "Vetores", "Vetores\Vetores.csproj", "{43BCB0DD-C779-43EB-9C48-76FAE20F857A}"
EndProject
Global
	GlobalSection(SolutionConfigurationPlatforms) = preSolution
		Debug|Any CPU = Debug|Any CPU
		Release|Any CPU = Release|Any CPU
	EndGlobalSection
	GlobalSection(ProjectConfigurationPlatforms) = postSolution
		{D1104EB4-4BC3-44B8-A0CC-192DC236F366}.Debug|Any CPU.ActiveCfg = Debug|Any CPU
		{D1104EB4-4BC3-44B8-A0CC-192DC236F366}.Debug|Any CPU.Build.0 = Debug|Any CPU
		{D1104EB4-4BC3-44B8-A0CC-192DC236F366}.Release|Any CPU.ActiveCfg = Release|Any CPU
		{D1104EB4-4BC3-44B8-A0CC-192DC236F366}.Release|Any CPU.Build.0 = Release|Any CPU
		{95A471A5-203B-4FE1-BF56-02E3ACFFA2C1}.Debug|Any CPU.ActiveCfg = Debug|Any CPU
		{95A471A5-203B-4FE1-BF56-02E3ACFFA2C1}.Debug|Any CPU.Build.0 = Debug|Any CPU
		{95A471A5-203B-4FE1-BF56-02E3ACFFA2C1}.Release|Any CPU.ActiveCfg = Release|Any CPU
		{95A471A5-203B-4FE1-BF56-02E3ACFFA2C1}.Release|Any CPU.Build.0 = Release|Any CPU
		{D7D473D2-DECD-4305-9A2E-47D9A33394DD}.Debug|Any CPU.ActiveCfg = Debug|Any CPU
		{D7D473D2-DECD-4305-9A2E-47D9A33394DD}.Debug|Any CPU.Build.0 = Debug|Any CPU
		{D7D473D2-DECD-4305-9A2E-47D9A33394DD}.Release|Any CPU.ActiveCfg = Release|Any CPU
		{D7D473D2-DECD-4305-9A2E-47D9A33394DD}.Release|Any CPU.Build.0 = Release|Any CPU
		{50006C7C-86F4-44D5-9C53-1DD81543DB1C}.Debug|Any CPU.ActiveCfg = Debug|Any CPU
		{50006C7C-86F4-44D5-9C53-1DD81543DB1C}.Debug|Any CPU.Build.0 = Debug|Any CPU
		{50006C7C-86F4-44D5-9C53-1DD81543DB1C}.Release|Any CPU.ActiveCfg = Release|Any CPU
		{50006C7C-86F4-44D5-9C53-1DD81543DB1C}.Release|Any CPU.Build.0 = Release|Any CPU
		{43BCB0DD-C779-43EB-9C48-76FAE20F857A}.Debug|Any CPU.ActiveCfg = Debug|Any CPU
		{43BCB0DD-C779-43EB-9C48-76FAE20F857A}.Debug|Any CPU.Build.0 = Debug|Any CPU
		{43BCB0DD-C779-43EB-9C48-76FAE20F857A}.Release|Any CPU.ActiveCfg = Release|Any CPU
		{43BCB0DD-C779-43EB-9C48-76FAE20F857A}.Release|Any CPU.Build.0 = Release|Any CPU
	EndGlobalSection
	GlobalSection(SolutionProperties) = preSolution
		HideSolutionNode = FALSE
	EndGlobalSection
	GlobalSection(NestedProjects) = preSolution
		{D1104EB4-4BC3-44B8-A0CC-192DC236F366} = {1B552936-D5F2-4CCC-8CEA-DC8FC863D76E}
		{95A471A5-203B-4FE1-BF56-02E3ACFFA2C1} = {0905B970-5663-480D-AB59-5F238EF338E3}
		{D7D473D2-DECD-4305-9A2E-47D9A33394DD} = {E2A18454-9AD7-42FE-9240-FD9CEBB296ED}
		{50006C7C-86F4-44D5-9C53-1DD81543DB1C} = {8B927188-5ED3-4D17-85C5-37564C4BF6A9}
		{43BCB0DD-C779-43EB-9C48-76FAE20F857A} = {55AF42B3-5CDE-4642-8435-FB7F3D7A845B}
	EndGlobalSection
	GlobalSection(ExtensibilityGlobals) = postSolution
		SolutionGuid = {96A15C8B-31AA-48ED-BCFA-24BEEF955633}
	EndGlobalSection
EndGlobal
